{
  "version": "5",
  "specifiers": {
    "jsr:@std/path@*": "1.0.9",
    "jsr:@std/path@1.0.9": "1.0.9",
    "jsr:@viki/nanoid@3": "3.0.0"
  },
  "jsr": {
    "@std/path@1.0.9": {
      "integrity": "260a49f11edd3db93dd38350bf9cd1b4d1366afa98e81b86167b4e3dd750129e"
    },
    "@viki/nanoid@3.0.0": {
      "integrity": "a21e85c3a7bacce19becc4aa3ddfbbaf2a19435b2596198713c8422ec128ca34"
    }
  },
  "redirects": {
    "https://esm.sh/@grammyjs/parse-mode": "https://esm.sh/@grammyjs/parse-mode@2.2.0",
    "https://esm.sh/@libsql/core@^0.6.0/api?target=denonext": "https://esm.sh/@libsql/core@0.6.2/api?target=denonext",
    "https://esm.sh/@libsql/core@^0.6.0/config?target=denonext": "https://esm.sh/@libsql/core@0.6.2/config?target=denonext",
    "https://esm.sh/@libsql/core@^0.6.0/uri?target=denonext": "https://esm.sh/@libsql/core@0.6.2/uri?target=denonext",
    "https://esm.sh/@libsql/core@^0.6.0/util?target=denonext": "https://esm.sh/@libsql/core@0.6.2/util?target=denonext",
    "https://esm.sh/@libsql/hrana-client@^0.6.0?target=denonext": "https://esm.sh/@libsql/hrana-client@0.6.2?target=denonext",
    "https://esm.sh/@libsql/isomorphic-fetch@^0.2.1?target=denonext": "https://esm.sh/@libsql/isomorphic-fetch@0.2.5?target=denonext",
    "https://esm.sh/@libsql/isomorphic-ws@^0.1.5?target=denonext": "https://esm.sh/@libsql/isomorphic-ws@0.1.5?target=denonext",
    "https://esm.sh/grammy": "https://esm.sh/grammy@1.38.3",
    "https://esm.sh/js-base64@^3.7.5?target=denonext": "https://esm.sh/js-base64@3.7.8?target=denonext",
    "https://esm.sh/valibot": "https://esm.sh/valibot@1.1.0"
  },
  "remote": {
    "https://cdn.skypack.dev/-/debug@v4.3.4-o4liVvMlOnQWbLSYZMXw/dist=es2019,mode=imports/optimized/debug.js": "671100993996e39b501301a87000607916d4d2d9f8fc8e9c5200ae5ba64a1389",
    "https://cdn.skypack.dev/-/ms@v2.1.2-giBDZ1IA5lmQ3ZXaa87V/dist=es2019,mode=imports/optimized/ms.js": "fd88e2d51900437011f1ad232f3393ce97db1b87a7844b3c58dd6d65562c1276",
    "https://cdn.skypack.dev/debug@4.3.4": "7b1d010cc930f71b940ba5941da055bc181115229e29de7214bdb4425c68ea76",
    "https://deno.land/x/grammy@v1.38.2/bot.ts": "b0e3159726c9873787ab7a06c2bcf5b8bb90da3493486b31a50cf260534bfa9e",
    "https://deno.land/x/grammy@v1.38.2/composer.ts": "4fcfc5c5b68107c0e0f24a9b00a5f3cf8d4ed0adee964be17005d96782e09562",
    "https://deno.land/x/grammy@v1.38.2/context.ts": "93d4a302db0b9e06831d8943f488d2c8e10106df78d4e8a981e63ca377551511",
    "https://deno.land/x/grammy@v1.38.2/convenience/constants.ts": "1560129784be52f49aa0bea8716f09ed00dac367fef195be6a2c09bdfc43fb99",
    "https://deno.land/x/grammy@v1.38.2/convenience/frameworks.ts": "4eade9a8cfd004cfeb992e7503353498e7661a7150582900e24e7ae146f7f752",
    "https://deno.land/x/grammy@v1.38.2/convenience/inline_query.ts": "409d1940c7670708064efa495003bcbfdf6763a756b2e6303c464489fd3394ff",
    "https://deno.land/x/grammy@v1.38.2/convenience/input_media.ts": "7af72a5fdb1af0417e31b1327003f536ddfdf64e06ab8bc7f5da6b574de38658",
    "https://deno.land/x/grammy@v1.38.2/convenience/keyboard.ts": "dc5d3f53d0f6a15600ced9b40c85debe55a5d381436826b4cdede18c84bd6bae",
    "https://deno.land/x/grammy@v1.38.2/convenience/session.ts": "5e4b976528a0b3d7893645ac23e2e35e78671af578a3aed5efb4b621e7e9b6da",
    "https://deno.land/x/grammy@v1.38.2/convenience/webhook.ts": "e778e7e0ac5f86600f53534e2fcb799b4bd30562eb0696279181330e76d394f7",
    "https://deno.land/x/grammy@v1.38.2/core/api.ts": "60a82ad4f6e705250b4837b03020e30c895b5ab0a9a8226497521f28aae4f789",
    "https://deno.land/x/grammy@v1.38.2/core/client.ts": "f0acb24fc16a7a41727db4de0799f4153fe3b8d9571931dbbaa89da97030bcae",
    "https://deno.land/x/grammy@v1.38.2/core/error.ts": "5245f18f273da6be364f525090c24d2e9a282c180904f674f66946f2b2556247",
    "https://deno.land/x/grammy@v1.38.2/core/payload.ts": "420e17c3c2830b5576ea187cfce77578fe09f1204b25c25ea2f220ca7c86e73b",
    "https://deno.land/x/grammy@v1.38.2/filter.ts": "a509e2784a5936e6043315f1654ca9d3f082555e128730f782d3ff90a58bbfe7",
    "https://deno.land/x/grammy@v1.38.2/mod.ts": "a973e356760eed1b58bc89280e6eb41bbdf74035f6348c08d6cebf50da1dac34",
    "https://deno.land/x/grammy@v1.38.2/platform.deno.ts": "68272a7e1d9a2d74d8a45342526485dbc0531dee812f675d7f8a4e7fc8393028",
    "https://deno.land/x/grammy@v1.38.2/types.deno.ts": "6a9331bfa81f71b2334527f4611f802b2bf8aabf15e80ac2707b079a8b2fe81a",
    "https://deno.land/x/grammy@v1.38.2/types.ts": "729415590dfa188dbe924dea614dff4e976babdbabb28a307b869fc25777cdf0",
    "https://deno.land/x/grammy_types@v3.22.1/api.ts": "ae04d6628e3d25ae805bc07a19475065044fc44cde0a40877405bc3544d03a5f",
    "https://deno.land/x/grammy_types@v3.22.1/checklist.ts": "6b3138470069c4227dfff51bf7409b6b3cd25155a245f6f307d7a1dcc98d8881",
    "https://deno.land/x/grammy_types@v3.22.1/inline.ts": "9afd0340eafd22acb163f2f680d58b85719f0edc92dffa4d259fc5232e543d23",
    "https://deno.land/x/grammy_types@v3.22.1/langs.ts": "5f5fd09c58ba3ae942dd7cea2696f95587d2032c1829bba4bca81762b7ef73b6",
    "https://deno.land/x/grammy_types@v3.22.1/manage.ts": "2d96061a8f072afaa86733a866e528d9ed0f2addb0692898845c06d7953cbb68",
    "https://deno.land/x/grammy_types@v3.22.1/markup.ts": "dfe9e883cd09ee82d5f032e639ed69acdce8c42ba3f325528ab35b01d5063a1f",
    "https://deno.land/x/grammy_types@v3.22.1/message.ts": "408e4c123128b12fc9461bcee9365ebcd8a411d1b9158bcfd9495529843e1c97",
    "https://deno.land/x/grammy_types@v3.22.1/methods.ts": "fe9f0655de679ab9cf6dcd972623d396ca9b54d218c5819c446c4c7a159ee445",
    "https://deno.land/x/grammy_types@v3.22.1/mod.ts": "73efb15e1fb664c99ea32fa707a8cd3ed5ff4a1e21fba2fe1ddc78bb476ef84d",
    "https://deno.land/x/grammy_types@v3.22.1/passport.ts": "19820e7d6c279521f8bc8912d6a378239f73d4ab525453808994b5f44ef95215",
    "https://deno.land/x/grammy_types@v3.22.1/payment.ts": "2b83a59a24b7b02ae15fd57cb0ad41ba5b73fda20b725a098f79ac7268d4b351",
    "https://deno.land/x/grammy_types@v3.22.1/settings.ts": "5186837e55f53dfe16749b066237221867f7ebf6174084e69c35603acf413ed7",
    "https://deno.land/x/grammy_types@v3.22.1/story.ts": "f558c6e6054a43fa1403c2376f7c0b51e2138f4e0d13f0f6e870ffd1cd085ae2",
    "https://deno.land/x/grammy_types@v3.22.1/update.ts": "71cc0d5ec860149b71415ba03282b1d7edd0466b36e2789521a3b3a3d7796493",
    "https://esm.sh/@grammyjs/parse-mode@2.2.0": "913784a9978b0761447025e793d34aef79c0b8730629820b933df877861c78d9",
    "https://esm.sh/@grammyjs/parse-mode@2.2.0/denonext/parse-mode.mjs": "6cee49727ae6689a4c57d2099ad3716c0720bef5f4b85c0dac9a9cd28d4dee00",
    "https://esm.sh/@libsql/client@0.6.0/denonext/http.mjs": "148037581e5bb18e1b4d538611ca902103b9d05dfb331a3b1e615102a6d4204c",
    "https://esm.sh/@libsql/client@0.6.0/denonext/lib-esm/hrana.mjs": "7de504e4bfb97232286984b7b2df280a8a22d6b0a95c6fa2bf0dc8300963cfb9",
    "https://esm.sh/@libsql/client@0.6.0/denonext/lib-esm/sql_cache.mjs": "60c67baa99a6c37b73a96c1b66bb93295460f1eb89197befe7957e5441cb0046",
    "https://esm.sh/@libsql/client@0.6.0/denonext/web.mjs": "753c925c0c42839e5dc6cd9545d3857f235cc86d61d202b2fcc4f769c24d3af2",
    "https://esm.sh/@libsql/client@0.6.0/denonext/ws.mjs": "77353749d561df39bdd259fd61662859683139b527db150b501c77ff633948fa",
    "https://esm.sh/@libsql/client@0.6.0/web": "1b94d6f16284ebc3a7424499a5db8f5d01ae04403847a4cf3d2b6c2f18d2ffaa",
    "https://esm.sh/@libsql/core@0.6.2/api?target=denonext": "822c5ca0d275c77eada3263848d3671a015eb04cbdbd49ef3a6da53e2c5a3966",
    "https://esm.sh/@libsql/core@0.6.2/config?target=denonext": "e804f2d6faec42aeb9d8d01444acfa61ccd6a110082a18b38954ee72bc57b555",
    "https://esm.sh/@libsql/core@0.6.2/denonext/api.mjs": "4666c2f1616b4f726cad8693de709f5ce9ee5c54403faca6afc638af71226393",
    "https://esm.sh/@libsql/core@0.6.2/denonext/config.mjs": "1a81494c5a1f2bd3a4ad0e342e39a726dec2215d004396be8b4ae12368231544",
    "https://esm.sh/@libsql/core@0.6.2/denonext/uri.mjs": "ff5528490e7495c51111b336ecf8ec253e05e999e59cd09332c8e34b05c59963",
    "https://esm.sh/@libsql/core@0.6.2/denonext/util.mjs": "5bec6660d3c9d3239e1a71c542368d6a8bea3c230c504b4a7e279f797e73c737",
    "https://esm.sh/@libsql/core@0.6.2/uri?target=denonext": "8e98eeca38a501f9b54e78db24b9fcec5d6e2d3e6cf6b62ad43bc00304998993",
    "https://esm.sh/@libsql/core@0.6.2/util?target=denonext": "921b1c575afc0471937fc9bc2bd0d114e8dba324b6dc863c82ae1a694af0052d",
    "https://esm.sh/@libsql/hrana-client@0.6.2/denonext/hrana-client.mjs": "745551ed76a95591f6ae08d2b4a3bf7384be99b21580f66270d3cdede1ba2447",
    "https://esm.sh/@libsql/hrana-client@0.6.2?target=denonext": "4c32b73eb71515d731ac4169b3e951cd41402ccbb4c33e42fc55ab9aafafe4e5",
    "https://esm.sh/@libsql/isomorphic-fetch@0.2.5/denonext/isomorphic-fetch.mjs": "e5c81d082ca4319b8f8e40644bcf60e9f47e3a9615b8e25fc0fa757d90ec4d61",
    "https://esm.sh/@libsql/isomorphic-fetch@0.2.5?target=denonext": "e52f931ee2fa28e03406ca26a7c47b75cf6731fb81fa41b4ed72910ee65c8e3b",
    "https://esm.sh/@libsql/isomorphic-ws@0.1.5/denonext/isomorphic-ws.mjs": "9d104b6fe80cb913bd8b09e76a6e7e83e5d7537bd7dbf1d593da5842888cd2b2",
    "https://esm.sh/@libsql/isomorphic-ws@0.1.5?target=denonext": "0d1a1aa981e92234677ee9b98e72d31125bde45d08cb653917dd2c5144001c9a",
    "https://esm.sh/grammy@1.38.3": "72cd5217f5d25840677fe4a139629e45dda6e978919a7cac223495075cec1c0f",
    "https://esm.sh/grammy@1.38.3/denonext/grammy.mjs": "1b6f833dc04d52982278d51da0e398864c5f9914b8107d03a739fd23b18a52a2",
    "https://esm.sh/js-base64@3.7.8/denonext/js-base64.mjs": "ccf0b96c1ebd19736340ad9465fe131b89f6d4600266c1d1c865b09e2552f20b",
    "https://esm.sh/js-base64@3.7.8?target=denonext": "370dcd4bb3446e481af0844569a77f475f1580794f4fdf034f5d89a9cb6f7c9f",
    "https://esm.sh/valibot@1.1.0": "8f5913db9123850bdc6b93509cf7c2c4e60b25011942448f49455dc462386c70",
    "https://esm.sh/valibot@1.1.0/denonext/valibot.mjs": "0d42311a8e71abb91726412682846362c58c66f6be8d484f019021a94b4d3ca8"
  },
  "workspace": {
    "dependencies": [
      "jsr:@std/assert@1",
      "jsr:@std/fs@*",
      "jsr:@std/path@*",
      "jsr:@viki/nanoid@3"
    ]
  }
}
